
Microsoft Visual Studio Solution File, Format Version 12.00
# Visual Studio Version 17
VisualStudioVersion = 17.13.35825.156 d17.13
MinimumVisualStudioVersion = 10.0.40219.1
Project("{FAE04EC0-301F-11D3-BF4B-00C04F79EFBC}") = "PracticeCSharp", "PracticeCSharp\PracticeCSharp.csproj", "{27141C28-922B-4272-BC98-001D1FDC6D13}"
EndProject
Project("{FAE04EC0-301F-11D3-BF4B-00C04F79EFBC}") = "CSharpBasics", "CSharpBasics\CSharpBasics.csproj", "{EADC3315-21A9-4951-9311-40698AE43B04}"
EndProject
Global
	GlobalSection(SolutionConfigurationPlatforms) = preSolution
		Debug|Any CPU = Debug|Any CPU
		Release|Any CPU = Release|Any CPU
	EndGlobalSection
	GlobalSection(ProjectConfigurationPlatforms) = postSolution
		{27141C28-922B-4272-BC98-001D1FDC6D13}.Debug|Any CPU.ActiveCfg = Debug|Any CPU
		{27141C28-922B-4272-BC98-001D1FDC6D13}.Debug|Any CPU.Build.0 = Debug|Any CPU
		{27141C28-922B-4272-BC98-001D1FDC6D13}.Release|Any CPU.ActiveCfg = Release|Any CPU
		{27141C28-922B-4272-BC98-001D1FDC6D13}.Release|Any CPU.Build.0 = Release|Any CPU
		{EADC3315-21A9-4951-9311-40698AE43B04}.Debug|Any CPU.ActiveCfg = Debug|Any CPU
		{EADC3315-21A9-4951-9311-40698AE43B04}.Debug|Any CPU.Build.0 = Debug|Any CPU
		{EADC3315-21A9-4951-9311-40698AE43B04}.Release|Any CPU.ActiveCfg = Release|Any CPU
		{EADC3315-21A9-4951-9311-40698AE43B04}.Release|Any CPU.Build.0 = Release|Any CPU
	EndGlobalSection
	GlobalSection(SolutionProperties) = preSolution
		HideSolutionNode = FALSE
	EndGlobalSection
	GlobalSection(ExtensibilityGlobals) = postSolution
		SolutionGuid = {185D90CB-D501-424B-AE0C-3B730398200A}
	EndGlobalSection
EndGlobal
